
Microsoft Visual Studio Solution File, Format Version 12.00
# Visual Studio Version 16
VisualStudioVersion = 16.0.29920.165
MinimumVisualStudioVersion = 10.0.40219.1
Project("{9A19103F-16F7-4668-BE54-9A1E7A4F7556}") = "ICDE.CompareProducts", "ICDE.CompareProducts.csproj", "{FAC67403-B41C-4EC9-8B78-99D6D05AAA7E}"
EndProject
Global
	GlobalSection(SolutionConfigurationPlatforms) = preSolution
		Debug|Any CPU = Debug|Any CPU
		Release|Any CPU = Release|Any CPU
	EndGlobalSection
	GlobalSection(ProjectConfigurationPlatforms) = postSolution
		{FAC67403-B41C-4EC9-8B78-99D6D05AAA7E}.Debug|Any CPU.ActiveCfg = Debug|Any CPU
		{FAC67403-B41C-4EC9-8B78-99D6D05AAA7E}.Debug|Any CPU.Build.0 = Debug|Any CPU
		{FAC67403-B41C-4EC9-8B78-99D6D05AAA7E}.Release|Any CPU.ActiveCfg = Release|Any CPU
		{FAC67403-B41C-4EC9-8B78-99D6D05AAA7E}.Release|Any CPU.Build.0 = Release|Any CPU
	EndGlobalSection
	GlobalSection(SolutionProperties) = preSolution
		HideSolutionNode = FALSE
	EndGlobalSection
	GlobalSection(ExtensibilityGlobals) = postSolution
		SolutionGuid = {02E90643-C228-4242-985D-B4B8299DE08A}
	EndGlobalSection
EndGlobal
